%{
  "abci_counter": {:git, "https://github.com/KrzysiekJ/abci_counter.git", "8c89dd9e8e8771f9290c322153932e3dab2f66ec", [branch: "master"]},
  "abci_server": {:git, "https://github.com/KrzysiekJ/abci_server.git", "ee7e1674064899488e23e191064d4085ac2b11c9", [branch: "master"]},
  "erl2ex": {:hex, :erl2ex, "0.0.9", "626cbdf8a23f44b8a70be2ae0c8892fd9c1b14eacb8fe94491bcc88a1c2bd7ae", [:mix], [], "hexpm"},
  "gpb": {:git, "https://github.com/tomas-abrahamsson/gpb", "360cd1692f17479704a0504865d375e3f5252968", [tag: "4.0.2"]},
  "ranch": {:git, "https://github.com/ninenines/ranch", "a004ad710eddd0c21aaccc30d5633a76b06164b5", [tag: "1.3.2"]},
}
