%{
  "abci_server": {:git, "https://github.com/KrzysiekJ/abci_server.git", "2e7bc690c2f3ee559545de807d2b9daf62f42479", [tag: "v0.2.0"]},
  "gpb": {:git, "https://github.com/tomas-abrahamsson/gpb", "360cd1692f17479704a0504865d375e3f5252968", [tag: "4.0.2"]},
  "ranch": {:git, "https://github.com/ninenines/ranch", "a004ad710eddd0c21aaccc30d5633a76b06164b5", [tag: "1.3.2"]},
}
